{
  "name": "bitirme_2",
  "lockfileVersion": 2,
  "requires": true,
  "packages": {
    "": {
      "dependencies": {
        "@auth0/angular-jwt": "^5.1.2",
        "bootstrap": "^5.3.0-alpha1",
        "cors": "^2.8.5",
        "ng-angular-popup": "^0.2.0",
        "ng-zorro-antd": "^15.0.3"
      }
    },
    "node_modules/@angular/animations": {
      "version": "15.2.2",
      "resolved": "https://registry.npmjs.org/@angular/animations/-/animations-15.2.2.tgz",
      "integrity": "sha512-2XYJn+my4Gf02QAziO+WJJLOQyw0Ao79xAp6IWj/rUOCxNDlRPY3TwoMqLZVtjSmWxSdmx/fPqd393vPawrPLg==",
      "peer": true,
      "dependencies": {
        "tslib": "^2.3.0"
      },
      "engines": {
        "node": "^14.20.0 || ^16.13.0 || >=18.10.0"
      },
      "peerDependencies": {
        "@angular/core": "15.2.2"
      }
    },
    "node_modules/@angular/cdk": {
      "version": "15.2.2",
      "resolved": "https://registry.npmjs.org/@angular/cdk/-/cdk-15.2.2.tgz",
      "integrity": "sha512-mgh8QCJUmxVNT+vX7A3GDp48NVZ/CUrBBXN7ZGYs8hrupLyHLerjadWX8pRa7XIOJzreoOOdHH5THc51+SCGJw==",
      "dependencies": {
        "tslib": "^2.3.0"
      },
      "optionalDependencies": {
        "parse5": "^7.1.2"
      },
      "peerDependencies": {
        "@angular/common": "^15.0.0 || ^16.0.0",
        "@angular/core": "^15.0.0 || ^16.0.0",
        "rxjs": "^6.5.3 || ^7.4.0"
      }
    },
    "node_modules/@angular/common": {
      "version": "15.2.2",
      "resolved": "https://registry.npmjs.org/@angular/common/-/common-15.2.2.tgz",
      "integrity": "sha512-407yHyMR5CGFWjZPeiBNHa4UKwOTTMCNn7gmfi243AxIaPjIHwCDvIOx2w5OfrV+OUKSMIuqMRHLP4eUYkJDjA==",
      "peer": true,
      "dependencies": {
        "tslib": "^2.3.0"
      },
      "engines": {
        "node": "^14.20.0 || ^16.13.0 || >=18.10.0"
      },
      "peerDependencies": {
        "@angular/core": "15.2.2",
        "rxjs": "^6.5.3 || ^7.4.0"
      }
    },
    "node_modules/@angular/core": {
      "version": "15.2.2",
      "resolved": "https://registry.npmjs.org/@angular/core/-/core-15.2.2.tgz",
      "integrity": "sha512-Rn9LKeeryV0hVrOxlOPnQJdgUxbKdB8NByhptzB6XSzZ0ODx0ZN+iYVRLqu0Fu95zh5oSeYYU+2yT6+FIIX65w==",
      "peer": true,
      "dependencies": {
        "tslib": "^2.3.0"
      },
      "engines": {
        "node": "^14.20.0 || ^16.13.0 || >=18.10.0"
      },
      "peerDependencies": {
        "rxjs": "^6.5.3 || ^7.4.0",
        "zone.js": "~0.11.4 || ~0.12.0 || ~0.13.0"
      }
    },
    "node_modules/@angular/forms": {
      "version": "15.2.2",
      "resolved": "https://registry.npmjs.org/@angular/forms/-/forms-15.2.2.tgz",
      "integrity": "sha512-X2cXhD8gQBn03RZJ5XD2mgf90vyeH2HABbNLelv3GCQRgn4SCTHM4cP1J9OCdX0r6cz+JBjz13fDChdWb624Mg==",
      "peer": true,
      "dependencies": {
        "tslib": "^2.3.0"
      },
      "engines": {
        "node": "^14.20.0 || ^16.13.0 || >=18.10.0"
      },
      "peerDependencies": {
        "@angular/common": "15.2.2",
        "@angular/core": "15.2.2",
        "@angular/platform-browser": "15.2.2",
        "rxjs": "^6.5.3 || ^7.4.0"
      }
    },
    "node_modules/@angular/platform-browser": {
      "version": "15.2.2",
      "resolved": "https://registry.npmjs.org/@angular/platform-browser/-/platform-browser-15.2.2.tgz",
      "integrity": "sha512-kH1vUsFF7iRQ+DCQ/UkQtCWAzXzTDRO1p40RMf2IzDduESMcMwyWtheZflOuL1l4ubMbLitQiL846Hj/4CUl4g==",
      "peer": true,
      "dependencies": {
        "tslib": "^2.3.0"
      },
      "engines": {
        "node": "^14.20.0 || ^16.13.0 || >=18.10.0"
      },
      "peerDependencies": {
        "@angular/animations": "15.2.2",
        "@angular/common": "15.2.2",
        "@angular/core": "15.2.2"
      },
      "peerDependenciesMeta": {
        "@angular/animations": {
          "optional": true
        }
      }
    },
    "node_modules/@angular/router": {
      "version": "15.2.2",
      "resolved": "https://registry.npmjs.org/@angular/router/-/router-15.2.2.tgz",
      "integrity": "sha512-Yo9l9ZEWkKERvc8Fu9R5NNmUWcOB8ic+MX4GDWYOlgAnK0ZoM1/m0G2OtKFNmLwTj9CMfDqE0n5QZPbLCvjR9w==",
      "peer": true,
      "dependencies": {
        "tslib": "^2.3.0"
      },
      "engines": {
        "node": "^14.20.0 || ^16.13.0 || >=18.10.0"
      },
      "peerDependencies": {
        "@angular/common": "15.2.2",
        "@angular/core": "15.2.2",
        "@angular/platform-browser": "15.2.2",
        "rxjs": "^6.5.3 || ^7.4.0"
      }
    },
    "node_modules/@ant-design/colors": {
      "version": "5.1.1",
      "resolved": "https://registry.npmjs.org/@ant-design/colors/-/colors-5.1.1.tgz",
      "integrity": "sha512-Txy4KpHrp3q4XZdfgOBqLl+lkQIc3tEvHXOimRN1giX1AEC7mGtyrO9p8iRGJ3FLuVMGa2gNEzQyghVymLttKQ==",
      "dependencies": {
        "@ctrl/tinycolor": "^3.3.1"
      }
    },
    "node_modules/@ant-design/icons-angular": {
      "version": "15.0.0",
      "resolved": "https://registry.npmjs.org/@ant-design/icons-angular/-/icons-angular-15.0.0.tgz",
      "integrity": "sha512-9DMpuoqZBvS7+VJ0s3tl2g/kI1sTLDQWfykiXYa+AkZ2AvJwHebvR7Cw7/xfiXFDLyZTjPgtC0x0gex13EShuA==",
      "dependencies": {
        "@ant-design/colors": "^5.0.0",
        "tslib": "^2.0.0"
      },
      "peerDependencies": {
        "@angular/common": "^15.0.0",
        "@angular/core": "^15.0.0",
        "@angular/platform-browser": "^15.0.0",
        "rxjs": "^6.4.0 || ^7.4.0"
      }
    },
    "node_modules/@auth0/angular-jwt": {
      "version": "5.1.2",
      "resolved": "https://registry.npmjs.org/@auth0/angular-jwt/-/angular-jwt-5.1.2.tgz",
      "integrity": "sha512-8ulz24cPpEkZb9/AdAaWfYIkomQDbZqvB9LproF/48Klnr30EJx09AYF9sbKTN4qLSgIZSlCb/Y7XQJZ51vSzA==",
      "dependencies": {
        "tslib": "^2.0.0"
      },
      "peerDependencies": {
        "@angular/common": ">=12.0.0"
      }
    },
    "node_modules/@ctrl/tinycolor": {
      "version": "3.6.0",
      "resolved": "https://registry.npmjs.org/@ctrl/tinycolor/-/tinycolor-3.6.0.tgz",
      "integrity": "sha512-/Z3l6pXthq0JvMYdUFyX9j0MaCltlIn6mfh9jLyQwg5aPKxkyNa0PTHtU1AlFXLNk55ZuAeJRcpvq+tmLfKmaQ==",
      "engines": {
        "node": ">=10"
      }
    },
    "node_modules/@popperjs/core": {
      "version": "2.11.6",
      "resolved": "https://registry.npmjs.org/@popperjs/core/-/core-2.11.6.tgz",
      "integrity": "sha512-50/17A98tWUfQ176raKiOGXuYpLyyVMkxxG6oylzL3BPOlA6ADGdK7EYunSa4I064xerltq9TGXs8HmOk5E+vw==",
      "peer": true,
      "funding": {
        "type": "opencollective",
        "url": "https://opencollective.com/popperjs"
      }
    },
    "node_modules/bootstrap": {
      "version": "5.3.0-alpha1",
      "resolved": "https://registry.npmjs.org/bootstrap/-/bootstrap-5.3.0-alpha1.tgz",
      "integrity": "sha512-ABZpKK4ObS3kKlIqH+ZVDqoy5t/bhFG0oHTAzByUdon7YIom0lpCeTqRniDzJmbtcWkNe800VVPBiJgxSYTYew==",
      "funding": [
        {
          "type": "github",
          "url": "https://github.com/sponsors/twbs"
        },
        {
          "type": "opencollective",
          "url": "https://opencollective.com/bootstrap"
        }
      ],
      "peerDependencies": {
        "@popperjs/core": "^2.11.6"
      }
    },
    "node_modules/cors": {
      "version": "2.8.5",
      "resolved": "https://registry.npmjs.org/cors/-/cors-2.8.5.tgz",
      "integrity": "sha512-KIHbLJqu73RGr/hnbrO9uBeixNGuvSQjul/jdFvS/KFSIH1hWVd1ng7zOHx+YrEfInLG7q4n6GHQ9cDtxv/P6g==",
      "dependencies": {
        "object-assign": "^4",
        "vary": "^1"
      },
      "engines": {
        "node": ">= 0.10"
      }
    },
    "node_modules/date-fns": {
      "version": "2.29.3",
      "resolved": "https://registry.npmjs.org/date-fns/-/date-fns-2.29.3.tgz",
      "integrity": "sha512-dDCnyH2WnnKusqvZZ6+jA1O51Ibt8ZMRNkDZdyAyK4YfbDwa/cEmuztzG5pk6hqlp9aSBPYcjOlktquahGwGeA==",
      "engines": {
        "node": ">=0.11"
      },
      "funding": {
        "type": "opencollective",
        "url": "https://opencollective.com/date-fns"
      }
    },
    "node_modules/entities": {
      "version": "4.4.0",
      "resolved": "https://registry.npmjs.org/entities/-/entities-4.4.0.tgz",
      "integrity": "sha512-oYp7156SP8LkeGD0GF85ad1X9Ai79WtRsZ2gxJqtBuzH+98YUV6jkHEKlZkMbcrjJjIVJNIDP/3WL9wQkoPbWA==",
      "optional": true,
      "engines": {
        "node": ">=0.12"
      },
      "funding": {
        "url": "https://github.com/fb55/entities?sponsor=1"
      }
    },
    "node_modules/ng-angular-popup": {
      "version": "0.2.0",
      "resolved": "https://registry.npmjs.org/ng-angular-popup/-/ng-angular-popup-0.2.0.tgz",
      "integrity": "sha512-PKbs0UkLhFNM/+takV3xXPjATsL1hsw/BFyHuq+yUvCoGJKqPssyRcH7lgWEfv++aya6dd+d4jmG5B9xCR+gjw==",
      "dependencies": {
        "tslib": "^2.3.0"
      },
      "peerDependencies": {
        "@angular/common": "^14.2.1",
        "@angular/core": "^14.2.1"
      }
    },
    "node_modules/ng-zorro-antd": {
      "version": "15.0.3",
      "resolved": "https://registry.npmjs.org/ng-zorro-antd/-/ng-zorro-antd-15.0.3.tgz",
      "integrity": "sha512-IaXlkuyZKpwYJIGx2D+DjWcqm8Qntwyq1oSn/tXUBmS1gquHAKa3b39znMeVFe/EAI4cRNAQyHWEId8cxjYT+A==",
      "dependencies": {
        "@angular/cdk": "^15.0.0",
        "@ant-design/icons-angular": "^15.0.0",
        "date-fns": "^2.16.1",
        "tslib": "^2.3.0"
      },
      "peerDependencies": {
        "@angular/animations": "^15.0.1",
        "@angular/common": "^15.0.1",
        "@angular/core": "^15.0.1",
        "@angular/forms": "^15.0.1",
        "@angular/platform-browser": "^15.0.1",
        "@angular/router": "^15.0.1"
      }
    },
    "node_modules/object-assign": {
      "version": "4.1.1",
      "resolved": "https://registry.npmjs.org/object-assign/-/object-assign-4.1.1.tgz",
      "integrity": "sha512-rJgTQnkUnH1sFw8yT6VSU3zD3sWmu6sZhIseY8VX+GRu3P6F7Fu+JNDoXfklElbLJSnc3FUQHVe4cU5hj+BcUg==",
      "engines": {
        "node": ">=0.10.0"
      }
    },
    "node_modules/parse5": {
      "version": "7.1.2",
      "resolved": "https://registry.npmjs.org/parse5/-/parse5-7.1.2.tgz",
      "integrity": "sha512-Czj1WaSVpaoj0wbhMzLmWD69anp2WH7FXMB9n1Sy8/ZFF9jolSQVMu1Ij5WIyGmcBmhk7EOndpO4mIpihVqAXw==",
      "optional": true,
      "dependencies": {
        "entities": "^4.4.0"
      },
      "funding": {
        "url": "https://github.com/inikulin/parse5?sponsor=1"
      }
    },
    "node_modules/rxjs": {
      "version": "7.8.0",
      "resolved": "https://registry.npmjs.org/rxjs/-/rxjs-7.8.0.tgz",
      "integrity": "sha512-F2+gxDshqmIub1KdvZkaEfGDwLNpPvk9Fs6LD/MyQxNgMds/WH9OdDDXOmxUZpME+iSK3rQCctkL0DYyytUqMg==",
      "peer": true,
      "dependencies": {
        "tslib": "^2.1.0"
      }
    },
    "node_modules/tslib": {
      "version": "2.5.0",
      "resolved": "https://registry.npmjs.org/tslib/-/tslib-2.5.0.tgz",
      "integrity": "sha512-336iVw3rtn2BUK7ORdIAHTyxHGRIHVReokCR3XjbckJMK7ms8FysBfhLR8IXnAgy7T0PTPNBWKiH514FOW/WSg=="
    },
    "node_modules/vary": {
      "version": "1.1.2",
      "resolved": "https://registry.npmjs.org/vary/-/vary-1.1.2.tgz",
      "integrity": "sha512-BNGbWLfd0eUPabhkXUVm0j8uuvREyTh5ovRa/dyow/BqAbZJyC+5fU+IzQOzmAKzYqYRAISoRhdQr3eIZ/PXqg==",
      "engines": {
        "node": ">= 0.8"
      }
    },
    "node_modules/zone.js": {
      "version": "0.12.0",
      "resolved": "https://registry.npmjs.org/zone.js/-/zone.js-0.12.0.tgz",
      "integrity": "sha512-XtC+I5dXU14HrzidAKBNMqneIVUykLEAA1x+v4KVrd6AUPWlwYORF8KgsVqvgdHiKZ4BkxxjvYi/ksEixTPR0Q==",
      "peer": true,
      "dependencies": {
        "tslib": "^2.3.0"
      }
    }
  },
  "dependencies": {
    "@angular/animations": {
      "version": "15.2.2",
      "resolved": "https://registry.npmjs.org/@angular/animations/-/animations-15.2.2.tgz",
      "integrity": "sha512-2XYJn+my4Gf02QAziO+WJJLOQyw0Ao79xAp6IWj/rUOCxNDlRPY3TwoMqLZVtjSmWxSdmx/fPqd393vPawrPLg==",
      "peer": true,
      "requires": {
        "tslib": "^2.3.0"
      }
    },
    "@angular/cdk": {
      "version": "15.2.2",
      "resolved": "https://registry.npmjs.org/@angular/cdk/-/cdk-15.2.2.tgz",
      "integrity": "sha512-mgh8QCJUmxVNT+vX7A3GDp48NVZ/CUrBBXN7ZGYs8hrupLyHLerjadWX8pRa7XIOJzreoOOdHH5THc51+SCGJw==",
      "requires": {
        "parse5": "^7.1.2",
        "tslib": "^2.3.0"
      }
    },
    "@angular/common": {
      "version": "15.2.2",
      "resolved": "https://registry.npmjs.org/@angular/common/-/common-15.2.2.tgz",
      "integrity": "sha512-407yHyMR5CGFWjZPeiBNHa4UKwOTTMCNn7gmfi243AxIaPjIHwCDvIOx2w5OfrV+OUKSMIuqMRHLP4eUYkJDjA==",
      "peer": true,
      "requires": {
        "tslib": "^2.3.0"
      }
    },
    "@angular/core": {
      "version": "15.2.2",
      "resolved": "https://registry.npmjs.org/@angular/core/-/core-15.2.2.tgz",
      "integrity": "sha512-Rn9LKeeryV0hVrOxlOPnQJdgUxbKdB8NByhptzB6XSzZ0ODx0ZN+iYVRLqu0Fu95zh5oSeYYU+2yT6+FIIX65w==",
      "peer": true,
      "requires": {
        "tslib": "^2.3.0"
      }
    },
    "@angular/forms": {
      "version": "15.2.2",
      "resolved": "https://registry.npmjs.org/@angular/forms/-/forms-15.2.2.tgz",
      "integrity": "sha512-X2cXhD8gQBn03RZJ5XD2mgf90vyeH2HABbNLelv3GCQRgn4SCTHM4cP1J9OCdX0r6cz+JBjz13fDChdWb624Mg==",
      "peer": true,
      "requires": {
        "tslib": "^2.3.0"
      }
    },
    "@angular/platform-browser": {
      "version": "15.2.2",
      "resolved": "https://registry.npmjs.org/@angular/platform-browser/-/platform-browser-15.2.2.tgz",
      "integrity": "sha512-kH1vUsFF7iRQ+DCQ/UkQtCWAzXzTDRO1p40RMf2IzDduESMcMwyWtheZflOuL1l4ubMbLitQiL846Hj/4CUl4g==",
      "peer": true,
      "requires": {
        "tslib": "^2.3.0"
      }
    },
    "@angular/router": {
      "version": "15.2.2",
      "resolved": "https://registry.npmjs.org/@angular/router/-/router-15.2.2.tgz",
      "integrity": "sha512-Yo9l9ZEWkKERvc8Fu9R5NNmUWcOB8ic+MX4GDWYOlgAnK0ZoM1/m0G2OtKFNmLwTj9CMfDqE0n5QZPbLCvjR9w==",
      "peer": true,
      "requires": {
        "tslib": "^2.3.0"
      }
    },
    "@ant-design/colors": {
      "version": "5.1.1",
      "resolved": "https://registry.npmjs.org/@ant-design/colors/-/colors-5.1.1.tgz",
      "integrity": "sha512-Txy4KpHrp3q4XZdfgOBqLl+lkQIc3tEvHXOimRN1giX1AEC7mGtyrO9p8iRGJ3FLuVMGa2gNEzQyghVymLttKQ==",
      "requires": {
        "@ctrl/tinycolor": "^3.3.1"
      }
    },
    "@ant-design/icons-angular": {
      "version": "15.0.0",
      "resolved": "https://registry.npmjs.org/@ant-design/icons-angular/-/icons-angular-15.0.0.tgz",
      "integrity": "sha512-9DMpuoqZBvS7+VJ0s3tl2g/kI1sTLDQWfykiXYa+AkZ2AvJwHebvR7Cw7/xfiXFDLyZTjPgtC0x0gex13EShuA==",
      "requires": {
        "@ant-design/colors": "^5.0.0",
        "tslib": "^2.0.0"
      }
    },
    "@auth0/angular-jwt": {
      "version": "5.1.2",
      "resolved": "https://registry.npmjs.org/@auth0/angular-jwt/-/angular-jwt-5.1.2.tgz",
      "integrity": "sha512-8ulz24cPpEkZb9/AdAaWfYIkomQDbZqvB9LproF/48Klnr30EJx09AYF9sbKTN4qLSgIZSlCb/Y7XQJZ51vSzA==",
      "requires": {
        "tslib": "^2.0.0"
      }
    },
    "@ctrl/tinycolor": {
      "version": "3.6.0",
      "resolved": "https://registry.npmjs.org/@ctrl/tinycolor/-/tinycolor-3.6.0.tgz",
      "integrity": "sha512-/Z3l6pXthq0JvMYdUFyX9j0MaCltlIn6mfh9jLyQwg5aPKxkyNa0PTHtU1AlFXLNk55ZuAeJRcpvq+tmLfKmaQ=="
    },
    "@popperjs/core": {
      "version": "2.11.6",
      "resolved": "https://registry.npmjs.org/@popperjs/core/-/core-2.11.6.tgz",
      "integrity": "sha512-50/17A98tWUfQ176raKiOGXuYpLyyVMkxxG6oylzL3BPOlA6ADGdK7EYunSa4I064xerltq9TGXs8HmOk5E+vw==",
      "peer": true
    },
    "bootstrap": {
      "version": "5.3.0-alpha1",
      "resolved": "https://registry.npmjs.org/bootstrap/-/bootstrap-5.3.0-alpha1.tgz",
      "integrity": "sha512-ABZpKK4ObS3kKlIqH+ZVDqoy5t/bhFG0oHTAzByUdon7YIom0lpCeTqRniDzJmbtcWkNe800VVPBiJgxSYTYew==",
      "requires": {}
    },
    "cors": {
      "version": "2.8.5",
      "resolved": "https://registry.npmjs.org/cors/-/cors-2.8.5.tgz",
      "integrity": "sha512-KIHbLJqu73RGr/hnbrO9uBeixNGuvSQjul/jdFvS/KFSIH1hWVd1ng7zOHx+YrEfInLG7q4n6GHQ9cDtxv/P6g==",
      "requires": {
        "object-assign": "^4",
        "vary": "^1"
      }
    },
    "date-fns": {
      "version": "2.29.3",
      "resolved": "https://registry.npmjs.org/date-fns/-/date-fns-2.29.3.tgz",
      "integrity": "sha512-dDCnyH2WnnKusqvZZ6+jA1O51Ibt8ZMRNkDZdyAyK4YfbDwa/cEmuztzG5pk6hqlp9aSBPYcjOlktquahGwGeA=="
    },
    "entities": {
      "version": "4.4.0",
      "resolved": "https://registry.npmjs.org/entities/-/entities-4.4.0.tgz",
      "integrity": "sha512-oYp7156SP8LkeGD0GF85ad1X9Ai79WtRsZ2gxJqtBuzH+98YUV6jkHEKlZkMbcrjJjIVJNIDP/3WL9wQkoPbWA==",
      "optional": true
    },
    "ng-angular-popup": {
      "version": "0.2.0",
      "resolved": "https://registry.npmjs.org/ng-angular-popup/-/ng-angular-popup-0.2.0.tgz",
      "integrity": "sha512-PKbs0UkLhFNM/+takV3xXPjATsL1hsw/BFyHuq+yUvCoGJKqPssyRcH7lgWEfv++aya6dd+d4jmG5B9xCR+gjw==",
      "requires": {
        "tslib": "^2.3.0"
      }
    },
    "ng-zorro-antd": {
      "version": "15.0.3",
      "resolved": "https://registry.npmjs.org/ng-zorro-antd/-/ng-zorro-antd-15.0.3.tgz",
      "integrity": "sha512-IaXlkuyZKpwYJIGx2D+DjWcqm8Qntwyq1oSn/tXUBmS1gquHAKa3b39znMeVFe/EAI4cRNAQyHWEId8cxjYT+A==",
      "requires": {
        "@angular/cdk": "^15.0.0",
        "@ant-design/icons-angular": "^15.0.0",
        "date-fns": "^2.16.1",
        "tslib": "^2.3.0"
      }
    },
    "object-assign": {
      "version": "4.1.1",
      "resolved": "https://registry.npmjs.org/object-assign/-/object-assign-4.1.1.tgz",
      "integrity": "sha512-rJgTQnkUnH1sFw8yT6VSU3zD3sWmu6sZhIseY8VX+GRu3P6F7Fu+JNDoXfklElbLJSnc3FUQHVe4cU5hj+BcUg=="
    },
    "parse5": {
      "version": "7.1.2",
      "resolved": "https://registry.npmjs.org/parse5/-/parse5-7.1.2.tgz",
      "integrity": "sha512-Czj1WaSVpaoj0wbhMzLmWD69anp2WH7FXMB9n1Sy8/ZFF9jolSQVMu1Ij5WIyGmcBmhk7EOndpO4mIpihVqAXw==",
      "optional": true,
      "requires": {
        "entities": "^4.4.0"
      }
    },
    "rxjs": {
      "version": "7.8.0",
      "resolved": "https://registry.npmjs.org/rxjs/-/rxjs-7.8.0.tgz",
      "integrity": "sha512-F2+gxDshqmIub1KdvZkaEfGDwLNpPvk9Fs6LD/MyQxNgMds/WH9OdDDXOmxUZpME+iSK3rQCctkL0DYyytUqMg==",
      "peer": true,
      "requires": {
        "tslib": "^2.1.0"
      }
    },
    "tslib": {
      "version": "2.5.0",
      "resolved": "https://registry.npmjs.org/tslib/-/tslib-2.5.0.tgz",
      "integrity": "sha512-336iVw3rtn2BUK7ORdIAHTyxHGRIHVReokCR3XjbckJMK7ms8FysBfhLR8IXnAgy7T0PTPNBWKiH514FOW/WSg=="
    },
    "vary": {
      "version": "1.1.2",
      "resolved": "https://registry.npmjs.org/vary/-/vary-1.1.2.tgz",
      "integrity": "sha512-BNGbWLfd0eUPabhkXUVm0j8uuvREyTh5ovRa/dyow/BqAbZJyC+5fU+IzQOzmAKzYqYRAISoRhdQr3eIZ/PXqg=="
    },
    "zone.js": {
      "version": "0.12.0",
      "resolved": "https://registry.npmjs.org/zone.js/-/zone.js-0.12.0.tgz",
      "integrity": "sha512-XtC+I5dXU14HrzidAKBNMqneIVUykLEAA1x+v4KVrd6AUPWlwYORF8KgsVqvgdHiKZ4BkxxjvYi/ksEixTPR0Q==",
      "peer": true,
      "requires": {
        "tslib": "^2.3.0"
      }
    }
  }
}
